// !$*UTF8*$!
{
	archiveVersion = 1;
	classes = {
	};
	objectVersion = 50;
	objects = {

/* Begin PBXBuildFile section */
		574BF52B240AEBB1007AF402 /* AppDelegate.swift in Sources */ = {isa = PBXBuildFile; fileRef = 574BF52A240AEBB1007AF402 /* AppDelegate.swift */; };
		574BF52D240AEBB1007AF402 /* SceneDelegate.swift in Sources */ = {isa = PBXBuildFile; fileRef = 574BF52C240AEBB1007AF402 /* SceneDelegate.swift */; };
		574BF532240AEBB1007AF402 /* Main.storyboard in Resources */ = {isa = PBXBuildFile; fileRef = 574BF530240AEBB1007AF402 /* Main.storyboard */; };
		574BF534240AEBB4007AF402 /* Assets.xcassets in Resources */ = {isa = PBXBuildFile; fileRef = 574BF533240AEBB4007AF402 /* Assets.xcassets */; };
		574BF537240AEBB4007AF402 /* LaunchScreen.storyboard in Resources */ = {isa = PBXBuildFile; fileRef = 574BF535240AEBB4007AF402 /* LaunchScreen.storyboard */; };
		574BF544240AF1B1007AF402 /* WinnersTableViewController.swift in Sources */ = {isa = PBXBuildFile; fileRef = 574BF543240AF1B1007AF402 /* WinnersTableViewController.swift */; };
		574BF546240AF1FF007AF402 /* WorldCupViewController.swift in Sources */ = {isa = PBXBuildFile; fileRef = 574BF545240AF1FF007AF402 /* WorldCupViewController.swift */; };
		574BF548240AF254007AF402 /* WorldCup.swift in Sources */ = {isa = PBXBuildFile; fileRef = 574BF547240AF254007AF402 /* WorldCup.swift */; };
		EDDB8D0C241C5E7A00971B84 /* WorldCupTableViewCell.swift in Sources */ = {isa = PBXBuildFile; fileRef = EDDB8D0B241C5E7A00971B84 /* WorldCupTableViewCell.swift */; };
		EDDB8D0E241CFF4E00971B84 /* winners.json in Resources */ = {isa = PBXBuildFile; fileRef = EDDB8D0D241CFF4E00971B84 /* winners.json */; };
		EDDB8D10241D21F500971B84 /* GamesTableViewCell.swift in Sources */ = {isa = PBXBuildFile; fileRef = EDDB8D0F241D21F500971B84 /* GamesTableViewCell.swift */; };
/* End PBXBuildFile section */

/* Begin PBXFileReference section */
		574BF527240AEBB1007AF402 /* CampeoesCopas.app */ = {isa = PBXFileReference; explicitFileType = wrapper.application; includeInIndex = 0; path = CampeoesCopas.app; sourceTree = BUILT_PRODUCTS_DIR; };
		574BF52A240AEBB1007AF402 /* AppDelegate.swift */ = {isa = PBXFileReference; lastKnownFileType = sourcecode.swift; path = AppDelegate.swift; sourceTree = "<group>"; };
		574BF52C240AEBB1007AF402 /* SceneDelegate.swift */ = {isa = PBXFileReference; lastKnownFileType = sourcecode.swift; path = SceneDelegate.swift; sourceTree = "<group>"; };
		574BF531240AEBB1007AF402 /* Base */ = {isa = PBXFileReference; lastKnownFileType = file.storyboard; name = Base; path = Base.lproj/Main.storyboard; sourceTree = "<group>"; };
		574BF533240AEBB4007AF402 /* Assets.xcassets */ = {isa = PBXFileReference; lastKnownFileType = folder.assetcatalog; path = Assets.xcassets; sourceTree = "<group>"; };
		574BF536240AEBB4007AF402 /* Base */ = {isa = PBXFileReference; lastKnownFileType = file.storyboard; name = Base; path = Base.lproj/LaunchScreen.storyboard; sourceTree = "<group>"; };
		574BF538240AEBB4007AF402 /* Info.plist */ = {isa = PBXFileReference; lastKnownFileType = text.plist.xml; path = Info.plist; sourceTree = "<group>"; };
		574BF543240AF1B1007AF402 /* WinnersTableViewController.swift */ = {isa = PBXFileReference; lastKnownFileType = sourcecode.swift; path = WinnersTableViewController.swift; sourceTree = "<group>"; };
		574BF545240AF1FF007AF402 /* WorldCupViewController.swift */ = {isa = PBXFileReference; lastKnownFileType = sourcecode.swift; path = WorldCupViewController.swift; sourceTree = "<group>"; };
		574BF547240AF254007AF402 /* WorldCup.swift */ = {isa = PBXFileReference; lastKnownFileType = sourcecode.swift; path = WorldCup.swift; sourceTree = "<group>"; };
		EDDB8D0B241C5E7A00971B84 /* WorldCupTableViewCell.swift */ = {isa = PBXFileReference; lastKnownFileType = sourcecode.swift; path = WorldCupTableViewCell.swift; sourceTree = "<group>"; };
		EDDB8D0D241CFF4E00971B84 /* winners.json */ = {isa = PBXFileReference; fileEncoding = 4; lastKnownFileType = text.json; path = winners.json; sourceTree = "<group>"; };
		EDDB8D0F241D21F500971B84 /* GamesTableViewCell.swift */ = {isa = PBXFileReference; lastKnownFileType = sourcecode.swift; path = GamesTableViewCell.swift; sourceTree = "<group>"; };
/* End PBXFileReference section */

/* Begin PBXFrameworksBuildPhase section */
		574BF524240AEBB1007AF402 /* Frameworks */ = {
			isa = PBXFrameworksBuildPhase;
			buildActionMask = 2147483647;
			files = (
			);
			runOnlyForDeploymentPostprocessing = 0;
		};
/* End PBXFrameworksBuildPhase section */

/* Begin PBXGroup section */
		574BF51E240AEBB1007AF402 = {
			isa = PBXGroup;
			children = (
				574BF529240AEBB1007AF402 /* CampeoesCopas */,
				574BF528240AEBB1007AF402 /* Products */,
			);
			sourceTree = "<group>";
		};
		574BF528240AEBB1007AF402 /* Products */ = {
			isa = PBXGroup;
			children = (
				574BF527240AEBB1007AF402 /* CampeoesCopas.app */,
			);
			name = Products;
			sourceTree = "<group>";
		};
		574BF529240AEBB1007AF402 /* CampeoesCopas */ = {
			isa = PBXGroup;
			children = (
				574BF52A240AEBB1007AF402 /* AppDelegate.swift */,
				574BF52C240AEBB1007AF402 /* SceneDelegate.swift */,
				574BF543240AF1B1007AF402 /* WinnersTableViewController.swift */,
				574BF545240AF1FF007AF402 /* WorldCupViewController.swift */,
				574BF530240AEBB1007AF402 /* Main.storyboard */,
				EDDB8D0F241D21F500971B84 /* GamesTableViewCell.swift */,
				EDDB8D0B241C5E7A00971B84 /* WorldCupTableViewCell.swift */,
				574BF547240AF254007AF402 /* WorldCup.swift */,
				574BF535240AEBB4007AF402 /* LaunchScreen.storyboard */,
				574BF533240AEBB4007AF402 /* Assets.xcassets */,
				574BF538240AEBB4007AF402 /* Info.plist */,
				574BF53E240AEC72007AF402 /* Files */,
			);
			path = CampeoesCopas;
			sourceTree = "<group>";
		};
		574BF53E240AEC72007AF402 /* Files */ = {
			isa = PBXGroup;
			children = (
				EDDB8D0D241CFF4E00971B84 /* winners.json */,
			);
			path = Files;
			sourceTree = "<group>";
		};
/* End PBXGroup section */

/* Begin PBXNativeTarget section */
		574BF526240AEBB1007AF402 /* CampeoesCopas */ = {
			isa = PBXNativeTarget;
			buildConfigurationList = 574BF53B240AEBB4007AF402 /* Build configuration list for PBXNativeTarget "CampeoesCopas" */;
			buildPhases = (
				574BF523240AEBB1007AF402 /* Sources */,
				574BF524240AEBB1007AF402 /* Frameworks */,
				574BF525240AEBB1007AF402 /* Resources */,
			);
			buildRules = (
			);
			dependencies = (
			);
			name = CampeoesCopas;
			productName = CampeoesCopas;
			productReference = 574BF527240AEBB1007AF402 /* CampeoesCopas.app */;
			productType = "com.apple.product-type.application";
		};
/* End PBXNativeTarget section */

/* Begin PBXProject section */
		574BF51F240AEBB1007AF402 /* Project object */ = {
			isa = PBXProject;
			attributes = {
				LastSwiftUpdateCheck = 1130;
				LastUpgradeCheck = 1130;
				ORGANIZATIONNAME = "Cesar School";
				TargetAttributes = {
					574BF526240AEBB1007AF402 = {
						CreatedOnToolsVersion = 11.3.1;
					};
				};
			};
			buildConfigurationList = 574BF522240AEBB1007AF402 /* Build configuration list for PBXProject "CampeoesCopas" */;
			compatibilityVersion = "Xcode 9.3";
			developmentRegion = en;
			hasScannedForEncodings = 0;
			knownRegions = (
				en,
				Base,
			);
			mainGroup = 574BF51E240AEBB1007AF402;
			productRefGroup = 574BF528240AEBB1007AF402 /* Products */;
			projectDirPath = "";
			projectRoot = "";
			targets = (
				574BF526240AEBB1007AF402 /* CampeoesCopas */,
			);
		};
/* End PBXProject section */

/* Begin PBXResourcesBuildPhase section */
		574BF525240AEBB1007AF402 /* Resources */ = {
			isa = PBXResourcesBuildPhase;
			buildActionMask = 2147483647;
			files = (
				574BF537240AEBB4007AF402 /* LaunchScreen.storyboard in Resources */,
				574BF534240AEBB4007AF402 /* Assets.xcassets in Resources */,
				EDDB8D0E241CFF4E00971B84 /* winners.json in Resources */,
				574BF532240AEBB1007AF402 /* Main.storyboard in Resources */,
			);
			runOnlyForDeploymentPostprocessing = 0;
		};
/* End PBXResourcesBuildPhase section */

/* Begin PBXSourcesBuildPhase section */
		574BF523240AEBB1007AF402 /* Sources */ = {
			isa = PBXSourcesBuildPhase;
			buildActionMask = 2147483647;
			files = (
				574BF544240AF1B1007AF402 /* WinnersTableViewController.swift in Sources */,
				574BF52B240AEBB1007AF402 /* AppDelegate.swift in Sources */,
				574BF548240AF254007AF402 /* WorldCup.swift in Sources */,
				EDDB8D10241D21F500971B84 /* GamesTableViewCell.swift in Sources */,
				EDDB8D0C241C5E7A00971B84 /* WorldCupTableViewCell.swift in Sources */,
				574BF546240AF1FF007AF402 /* WorldCupViewController.swift in Sources */,
				574BF52D240AEBB1007AF402 /* SceneDelegate.swift in Sources */,
			);
			runOnlyForDeploymentPostprocessing = 0;
		};
/* End PBXSourcesBuildPhase section */

/* Begin PBXVariantGroup section */
		574BF530240AEBB1007AF402 /* Main.storyboard */ = {
			isa = PBXVariantGroup;
			children = (
				574BF531240AEBB1007AF402 /* Base */,
			);
			name = Main.storyboard;
			sourceTree = "<group>";
		};
		574BF535240AEBB4007AF402 /* LaunchScreen.storyboard */ = {
			isa = PBXVariantGroup;
			children = (
				574BF536240AEBB4007AF402 /* Base */,
			);
			name = LaunchScreen.storyboard;
			sourceTree = "<group>";
		};
/* End PBXVariantGroup section */

/* Begin XCBuildConfiguration section */
		574BF539240AEBB4007AF402 /* Debug */ = {
			isa = XCBuildConfiguration;
			buildSettings = {
				ALWAYS_SEARCH_USER_PATHS = NO;
				CLANG_ANALYZER_NONNULL = YES;
				CLANG_ANALYZER_NUMBER_OBJECT_CONVERSION = YES_AGGRESSIVE;
				CLANG_CXX_LANGUAGE_STANDARD = "gnu++14";
				CLANG_CXX_LIBRARY = "libc++";
				CLANG_ENABLE_MODULES = YES;
				CLANG_ENABLE_OBJC_ARC = YES;
				CLANG_ENABLE_OBJC_WEAK = YES;
				CLANG_WARN_BLOCK_CAPTURE_AUTORELEASING = YES;
				CLANG_WARN_BOOL_CONVERSION = YES;
				CLANG_WARN_COMMA = YES;
				CLANG_WARN_CONSTANT_CONVERSION = YES;
				CLANG_WARN_DEPRECATED_OBJC_IMPLEMENTATIONS = YES;
				CLANG_WARN_DIRECT_OBJC_ISA_USAGE = YES_ERROR;
				CLANG_WARN_DOCUMENTATION_COMMENTS = YES;
				CLANG_WARN_EMPTY_BODY = YES;
				CLANG_WARN_ENUM_CONVERSION = YES;
				CLANG_WARN_INFINITE_RECURSION = YES;
				CLANG_WARN_INT_CONVERSION = YES;
				CLANG_WARN_NON_LITERAL_NULL_CONVERSION = YES;
				CLANG_WARN_OBJC_IMPLICIT_RETAIN_SELF = YES;
				CLANG_WARN_OBJC_LITERAL_CONVERSION = YES;
				CLANG_WARN_OBJC_ROOT_CLASS = YES_ERROR;
				CLANG_WARN_RANGE_LOOP_ANALYSIS = YES;
				CLANG_WARN_STRICT_PROTOTYPES = YES;
				CLANG_WARN_SUSPICIOUS_MOVE = YES;
				CLANG_WARN_UNGUARDED_AVAILABILITY = YES_AGGRESSIVE;
				CLANG_WARN_UNREACHABLE_CODE = YES;
				CLANG_WARN__DUPLICATE_METHOD_MATCH = YES;
				COPY_PHASE_STRIP = NO;
				DEBUG_INFORMATION_FORMAT = dwarf;
				ENABLE_STRICT_OBJC_MSGSEND = YES;
				ENABLE_TESTABILITY = YES;
				GCC_C_LANGUAGE_STANDARD = gnu11;
				GCC_DYNAMIC_NO_PIC = NO;
				GCC_NO_COMMON_BLOCKS = YES;
				GCC_OPTIMIZATION_LEVEL = 0;
				GCC_PREPROCESSOR_DEFINITIONS = (
					"DEBUG=1",
					"$(inherited)",
				);
				GCC_WARN_64_TO_32_BIT_CONVERSION = YES;
				GCC_WARN_ABOUT_RETURN_TYPE = YES_ERROR;
				GCC_WARN_UNDECLARED_SELECTOR = YES;
				GCC_WARN_UNINITIALIZED_AUTOS = YES_AGGRESSIVE;
				GCC_WARN_UNUSED_FUNCTION = YES;
				GCC_WARN_UNUSED_VARIABLE = YES;
				IPHONEOS_DEPLOYMENT_TARGET = 13.2;
				MTL_ENABLE_DEBUG_INFO = INCLUDE_SOURCE;
				MTL_FAST_MATH = YES;
				ONLY_ACTIVE_ARCH = YES;
				SDKROOT = iphoneos;
				SWIFT_ACTIVE_COMPILATION_CONDITIONS = DEBUG;
				SWIFT_OPTIMIZATION_LEVEL = "-Onone";
			};
			name = Debug;
		};
		574BF53A240AEBB4007AF402 /* Release */ = {
			isa = XCBuildConfiguration;
			buildSettings = {
				ALWAYS_SEARCH_USER_PATHS = NO;
				CLANG_ANALYZER_NONNULL = YES;
				CLANG_ANALYZER_NUMBER_OBJECT_CONVERSION = YES_AGGRESSIVE;
				CLANG_CXX_LANGUAGE_STANDARD = "gnu++14";
				CLANG_CXX_LIBRARY = "libc++";
				CLANG_ENABLE_MODULES = YES;
				CLANG_ENABLE_OBJC_ARC = YES;
				CLANG_ENABLE_OBJC_WEAK = YES;
				CLANG_WARN_BLOCK_CAPTURE_AUTORELEASING = YES;
				CLANG_WARN_BOOL_CONVERSION = YES;
				CLANG_WARN_COMMA = YES;
				CLANG_WARN_CONSTANT_CONVERSION = YES;
				CLANG_WARN_DEPRECATED_OBJC_IMPLEMENTATIONS = YES;
				CLANG_WARN_DIRECT_OBJC_ISA_USAGE = YES_ERROR;
				CLANG_WARN_DOCUMENTATION_COMMENTS = YES;
				CLANG_WARN_EMPTY_BODY = YES;
				CLANG_WARN_ENUM_CONVERSION = YES;
				CLANG_WARN_INFINITE_RECURSION = YES;
				CLANG_WARN_INT_CONVERSION = YES;
				CLANG_WARN_NON_LITERAL_NULL_CONVERSION = YES;
				CLANG_WARN_OBJC_IMPLICIT_RETAIN_SELF = YES;
				CLANG_WARN_OBJC_LITERAL_CONVERSION = YES;
				CLANG_WARN_OBJC_ROOT_CLASS = YES_ERROR;
				CLANG_WARN_RANGE_LOOP_ANALYSIS = YES;
				CLANG_WARN_STRICT_PROTOTYPES = YES;
				CLANG_WARN_SUSPICIOUS_MOVE = YES;
				CLANG_WARN_UNGUARDED_AVAILABILITY = YES_AGGRESSIVE;
				CLANG_WARN_UNREACHABLE_CODE = YES;
				CLANG_WARN__DUPLICATE_METHOD_MATCH = YES;
				COPY_PHASE_STRIP = NO;
				DEBUG_INFORMATION_FORMAT = "dwarf-with-dsym";
				ENABLE_NS_ASSERTIONS = NO;
				ENABLE_STRICT_OBJC_MSGSEND = YES;
				GCC_C_LANGUAGE_STANDARD = gnu11;
				GCC_NO_COMMON_BLOCKS = YES;
				GCC_WARN_64_TO_32_BIT_CONVERSION = YES;
				GCC_WARN_ABOUT_RETURN_TYPE = YES_ERROR;
				GCC_WARN_UNDECLARED_SELECTOR = YES;
				GCC_WARN_UNINITIALIZED_AUTOS = YES_AGGRESSIVE;
				GCC_WARN_UNUSED_FUNCTION = YES;
				GCC_WARN_UNUSED_VARIABLE = YES;
				IPHONEOS_DEPLOYMENT_TARGET = 13.2;
				MTL_ENABLE_DEBUG_INFO = NO;
				MTL_FAST_MATH = YES;
				SDKROOT = iphoneos;
				SWIFT_COMPILATION_MODE = wholemodule;
				SWIFT_OPTIMIZATION_LEVEL = "-O";
				VALIDATE_PRODUCT = YES;
			};
			name = Release;
		};
		574BF53C240AEBB4007AF402 /* Debug */ = {
			isa = XCBuildConfiguration;
			buildSettings = {
				ASSETCATALOG_COMPILER_APPICON_NAME = AppIcon;
				CODE_SIGN_STYLE = Automatic;
				INFOPLIST_FILE = CampeoesCopas/Info.plist;
				LD_RUNPATH_SEARCH_PATHS = (
					"$(inherited)",
					"@executable_path/Frameworks",
				);
				PRODUCT_BUNDLE_IDENTIFIER = school.cesar.CampeoesCopas;
				PRODUCT_NAME = "$(TARGET_NAME)";
				SWIFT_VERSION = 5.0;
				TARGETED_DEVICE_FAMILY = 1;
			};
			name = Debug;
		};
		574BF53D240AEBB4007AF402 /* Release */ = {
			isa = XCBuildConfiguration;
			buildSettings = {
				ASSETCATALOG_COMPILER_APPICON_NAME = AppIcon;
				CODE_SIGN_STYLE = Automatic;
				INFOPLIST_FILE = CampeoesCopas/Info.plist;
				LD_RUNPATH_SEARCH_PATHS = (
					"$(inherited)",
					"@executable_path/Frameworks",
				);
				PRODUCT_BUNDLE_IDENTIFIER = school.cesar.CampeoesCopas;
				PRODUCT_NAME = "$(TARGET_NAME)";
				SWIFT_VERSION = 5.0;
				TARGETED_DEVICE_FAMILY = 1;
			};
			name = Release;
		};
/* End XCBuildConfiguration section */

/* Begin XCConfigurationList section */
		574BF522240AEBB1007AF402 /* Build configuration list for PBXProject "CampeoesCopas" */ = {
			isa = XCConfigurationList;
			buildConfigurations = (
				574BF539240AEBB4007AF402 /* Debug */,
				574BF53A240AEBB4007AF402 /* Release */,
			);
			defaultConfigurationIsVisible = 0;
			defaultConfigurationName = Release;
		};
		574BF53B240AEBB4007AF402 /* Build configuration list for PBXNativeTarget "CampeoesCopas" */ = {
			isa = XCConfigurationList;
			buildConfigurations = (
				574BF53C240AEBB4007AF402 /* Debug */,
				574BF53D240AEBB4007AF402 /* Release */,
			);
			defaultConfigurationIsVisible = 0;
			defaultConfigurationName = Release;
		};
/* End XCConfigurationList section */
	};
	rootObject = 574BF51F240AEBB1007AF402 /* Project object */;
}
